
Microsoft Visual Studio Solution File, Format Version 12.00
# Visual Studio 14
VisualStudioVersion = 14.0.25420.1
MinimumVisualStudioVersion = 10.0.40219.1
Project("{FAE04EC0-301F-11D3-BF4B-00C04F79EFBC}") = "Puzzle", "Puzzle\Puzzle.csproj", "{76A3A115-6B3D-4767-B2CA-AB6596D98651}"
EndProject
Project("{2150E333-8FDC-42A3-9474-1A3956D46DE8}") = "Solution Items", "Solution Items", "{7A275F18-62A8-4FA1-9CA7-0CBC83E62173}"
	ProjectSection(SolutionItems) = preProject
		..\Bài 2_winform\Bài 2_winform\bin\Debug\Help.txt = ..\Bài 2_winform\Bài 2_winform\bin\Debug\Help.txt
	EndProjectSection
EndProject
Global
	GlobalSection(SolutionConfigurationPlatforms) = preSolution
		Debug|Any CPU = Debug|Any CPU
		Release|Any CPU = Release|Any CPU
	EndGlobalSection
	GlobalSection(ProjectConfigurationPlatforms) = postSolution
		{76A3A115-6B3D-4767-B2CA-AB6596D98651}.Debug|Any CPU.ActiveCfg = Debug|Any CPU
		{76A3A115-6B3D-4767-B2CA-AB6596D98651}.Debug|Any CPU.Build.0 = Debug|Any CPU
		{76A3A115-6B3D-4767-B2CA-AB6596D98651}.Release|Any CPU.ActiveCfg = Release|Any CPU
		{76A3A115-6B3D-4767-B2CA-AB6596D98651}.Release|Any CPU.Build.0 = Release|Any CPU
	EndGlobalSection
	GlobalSection(SolutionProperties) = preSolution
		HideSolutionNode = FALSE
	EndGlobalSection
EndGlobal
